
Microsoft Visual Studio Solution File, Format Version 12.00
# Visual Studio Version 17
VisualStudioVersion = 17.14.36915.13 d17.14
MinimumVisualStudioVersion = 10.0.40219.1
Project("{FAE04EC0-301F-11D3-BF4B-00C04F79EFBC}") = "ToDoApi", "ToDoApi\ToDoApi.csproj", "{948FDD87-0A01-44CA-9068-80A318EFB7BF}"
EndProject
Project("{FAE04EC0-301F-11D3-BF4B-00C04F79EFBC}") = "ToDoApi.Tests", "ToDoApi.Tests\ToDoApi.Tests.csproj", "{F7E96170-4C6B-7BF2-26EB-7D6D987B7D36}"
EndProject
Global
	GlobalSection(SolutionConfigurationPlatforms) = preSolution
		Debug|Any CPU = Debug|Any CPU
		Release|Any CPU = Release|Any CPU
	EndGlobalSection
	GlobalSection(ProjectConfigurationPlatforms) = postSolution
		{948FDD87-0A01-44CA-9068-80A318EFB7BF}.Debug|Any CPU.ActiveCfg = Debug|Any CPU
		{948FDD87-0A01-44CA-9068-80A318EFB7BF}.Debug|Any CPU.Build.0 = Debug|Any CPU
		{948FDD87-0A01-44CA-9068-80A318EFB7BF}.Release|Any CPU.ActiveCfg = Release|Any CPU
		{948FDD87-0A01-44CA-9068-80A318EFB7BF}.Release|Any CPU.Build.0 = Release|Any CPU
		{F7E96170-4C6B-7BF2-26EB-7D6D987B7D36}.Debug|Any CPU.ActiveCfg = Debug|Any CPU
		{F7E96170-4C6B-7BF2-26EB-7D6D987B7D36}.Debug|Any CPU.Build.0 = Debug|Any CPU
		{F7E96170-4C6B-7BF2-26EB-7D6D987B7D36}.Release|Any CPU.ActiveCfg = Release|Any CPU
		{F7E96170-4C6B-7BF2-26EB-7D6D987B7D36}.Release|Any CPU.Build.0 = Release|Any CPU
	EndGlobalSection
	GlobalSection(SolutionProperties) = preSolution
		HideSolutionNode = FALSE
	EndGlobalSection
	GlobalSection(ExtensibilityGlobals) = postSolution
		SolutionGuid = {F9BA9900-F8CE-4622-AA07-A3892C22BB4A}
	EndGlobalSection
EndGlobal
